
Microsoft Visual Studio Solution File, Format Version 12.00
# Visual Studio Version 16
VisualStudioVersion = 16.0.31410.357
MinimumVisualStudioVersion = 10.0.40219.1
Project("{2150E333-8FDC-42A3-9474-1A3956D46DE8}") = "src", "src", "{093C67DC-873D-4F33-A3F3-AF1A0DE30478}"
EndProject
Project("{2150E333-8FDC-42A3-9474-1A3956D46DE8}") = "BMA.Domain", "BMA.Domain", "{F816F40F-4893-432F-AD97-B9E7BF70BA6E}"
EndProject
Project("{2150E333-8FDC-42A3-9474-1A3956D46DE8}") = "BMA.Repository", "BMA.Repository", "{82A03B24-80DE-4FD7-96AF-BB61C00C7E87}"
EndProject
Project("{2150E333-8FDC-42A3-9474-1A3956D46DE8}") = "BMA.WebApi", "BMA.WebApi", "{054EF9AB-5B3B-414E-BF54-1D8391576CF2}"
EndProject
Project("{9A19103F-16F7-4668-BE54-9A1E7A4F7556}") = "BMA.Domain", "src\BMA.Domain\BMA.Domain.csproj", "{822F7D5D-6436-47EC-BD88-A047B0C71B3A}"
EndProject
Project("{9A19103F-16F7-4668-BE54-9A1E7A4F7556}") = "BMA.Repository", "src\BMA.Repository\BMA.Repository.csproj", "{1541A87F-1C26-4C56-98BD-2AAFD8D2C330}"
EndProject
Project("{9A19103F-16F7-4668-BE54-9A1E7A4F7556}") = "BMA.WebApi", "src\BMA.WebApi\BMA.WebApi.csproj", "{192E67E8-1111-4FFC-969E-8802AFC33AF9}"
EndProject
Project("{2150E333-8FDC-42A3-9474-1A3956D46DE8}") = "BMA.Service", "BMA.Service", "{B1A2E1E9-6A40-4EE5-ABB3-ADB18B72FABC}"
EndProject
Project("{FAE04EC0-301F-11D3-BF4B-00C04F79EFBC}") = "BMA.Service", "src\BMA.Service\BMA.Service.csproj", "{0A215FF1-4131-415A-85C9-3042B102C37E}"
EndProject
Global
	GlobalSection(SolutionConfigurationPlatforms) = preSolution
		Debug|Any CPU = Debug|Any CPU
		Release|Any CPU = Release|Any CPU
	EndGlobalSection
	GlobalSection(ProjectConfigurationPlatforms) = postSolution
		{822F7D5D-6436-47EC-BD88-A047B0C71B3A}.Debug|Any CPU.ActiveCfg = Debug|Any CPU
		{822F7D5D-6436-47EC-BD88-A047B0C71B3A}.Debug|Any CPU.Build.0 = Debug|Any CPU
		{822F7D5D-6436-47EC-BD88-A047B0C71B3A}.Release|Any CPU.ActiveCfg = Release|Any CPU
		{822F7D5D-6436-47EC-BD88-A047B0C71B3A}.Release|Any CPU.Build.0 = Release|Any CPU
		{1541A87F-1C26-4C56-98BD-2AAFD8D2C330}.Debug|Any CPU.ActiveCfg = Debug|Any CPU
		{1541A87F-1C26-4C56-98BD-2AAFD8D2C330}.Debug|Any CPU.Build.0 = Debug|Any CPU
		{1541A87F-1C26-4C56-98BD-2AAFD8D2C330}.Release|Any CPU.ActiveCfg = Release|Any CPU
		{1541A87F-1C26-4C56-98BD-2AAFD8D2C330}.Release|Any CPU.Build.0 = Release|Any CPU
		{192E67E8-1111-4FFC-969E-8802AFC33AF9}.Debug|Any CPU.ActiveCfg = Debug|Any CPU
		{192E67E8-1111-4FFC-969E-8802AFC33AF9}.Debug|Any CPU.Build.0 = Debug|Any CPU
		{192E67E8-1111-4FFC-969E-8802AFC33AF9}.Release|Any CPU.ActiveCfg = Release|Any CPU
		{192E67E8-1111-4FFC-969E-8802AFC33AF9}.Release|Any CPU.Build.0 = Release|Any CPU
		{0A215FF1-4131-415A-85C9-3042B102C37E}.Debug|Any CPU.ActiveCfg = Debug|Any CPU
		{0A215FF1-4131-415A-85C9-3042B102C37E}.Debug|Any CPU.Build.0 = Debug|Any CPU
		{0A215FF1-4131-415A-85C9-3042B102C37E}.Release|Any CPU.ActiveCfg = Release|Any CPU
		{0A215FF1-4131-415A-85C9-3042B102C37E}.Release|Any CPU.Build.0 = Release|Any CPU
	EndGlobalSection
	GlobalSection(SolutionProperties) = preSolution
		HideSolutionNode = FALSE
	EndGlobalSection
	GlobalSection(NestedProjects) = preSolution
		{F816F40F-4893-432F-AD97-B9E7BF70BA6E} = {093C67DC-873D-4F33-A3F3-AF1A0DE30478}
		{82A03B24-80DE-4FD7-96AF-BB61C00C7E87} = {093C67DC-873D-4F33-A3F3-AF1A0DE30478}
		{054EF9AB-5B3B-414E-BF54-1D8391576CF2} = {093C67DC-873D-4F33-A3F3-AF1A0DE30478}
		{822F7D5D-6436-47EC-BD88-A047B0C71B3A} = {F816F40F-4893-432F-AD97-B9E7BF70BA6E}
		{1541A87F-1C26-4C56-98BD-2AAFD8D2C330} = {82A03B24-80DE-4FD7-96AF-BB61C00C7E87}
		{192E67E8-1111-4FFC-969E-8802AFC33AF9} = {054EF9AB-5B3B-414E-BF54-1D8391576CF2}
		{B1A2E1E9-6A40-4EE5-ABB3-ADB18B72FABC} = {093C67DC-873D-4F33-A3F3-AF1A0DE30478}
		{0A215FF1-4131-415A-85C9-3042B102C37E} = {B1A2E1E9-6A40-4EE5-ABB3-ADB18B72FABC}
	EndGlobalSection
	GlobalSection(ExtensibilityGlobals) = postSolution
		SolutionGuid = {244F0328-A85B-4255-865F-580D174CC73D}
	EndGlobalSection
EndGlobal
